
Microsoft Visual Studio Solution File, Format Version 12.00
# Visual Studio Version 17
VisualStudioVersion = 17.11.35327.3
MinimumVisualStudioVersion = 10.0.40219.1
Project("{FAE04EC0-301F-11D3-BF4B-00C04F79EFBC}") = "Strategy", "Strategy\Strategy.csproj", "{8392DFEC-4235-47D5-97FE-54D96D9E7113}"
EndProject
Project("{FAE04EC0-301F-11D3-BF4B-00C04F79EFBC}") = "Decorator", "Decorator\Decorator.csproj", "{D501C419-1CFA-43B2-8133-A124E051A888}"
EndProject
Project("{FAE04EC0-301F-11D3-BF4B-00C04F79EFBC}") = "Factory", "Factory\Factory.csproj", "{251B3A3E-99AD-49A6-9765-A42729F17AC6}"
EndProject
Project("{FAE04EC0-301F-11D3-BF4B-00C04F79EFBC}") = "Observer", "Observer\Observer.csproj", "{9D232362-ED04-4C60-B1BD-C29F1DC76D66}"
EndProject
Project("{FAE04EC0-301F-11D3-BF4B-00C04F79EFBC}") = "Chain_of_Responsibility", "Chain_of_Responsibility\Chain_of_Responsibility.csproj", "{CFF36B21-39D7-4840-8B5E-41830FD3CE25}"
EndProject
Global
	GlobalSection(SolutionConfigurationPlatforms) = preSolution
		Debug|Any CPU = Debug|Any CPU
		Release|Any CPU = Release|Any CPU
	EndGlobalSection
	GlobalSection(ProjectConfigurationPlatforms) = postSolution
		{8392DFEC-4235-47D5-97FE-54D96D9E7113}.Debug|Any CPU.ActiveCfg = Debug|Any CPU
		{8392DFEC-4235-47D5-97FE-54D96D9E7113}.Debug|Any CPU.Build.0 = Debug|Any CPU
		{8392DFEC-4235-47D5-97FE-54D96D9E7113}.Release|Any CPU.ActiveCfg = Release|Any CPU
		{8392DFEC-4235-47D5-97FE-54D96D9E7113}.Release|Any CPU.Build.0 = Release|Any CPU
		{D501C419-1CFA-43B2-8133-A124E051A888}.Debug|Any CPU.ActiveCfg = Debug|Any CPU
		{D501C419-1CFA-43B2-8133-A124E051A888}.Debug|Any CPU.Build.0 = Debug|Any CPU
		{D501C419-1CFA-43B2-8133-A124E051A888}.Release|Any CPU.ActiveCfg = Release|Any CPU
		{D501C419-1CFA-43B2-8133-A124E051A888}.Release|Any CPU.Build.0 = Release|Any CPU
		{251B3A3E-99AD-49A6-9765-A42729F17AC6}.Debug|Any CPU.ActiveCfg = Debug|Any CPU
		{251B3A3E-99AD-49A6-9765-A42729F17AC6}.Debug|Any CPU.Build.0 = Debug|Any CPU
		{251B3A3E-99AD-49A6-9765-A42729F17AC6}.Release|Any CPU.ActiveCfg = Release|Any CPU
		{251B3A3E-99AD-49A6-9765-A42729F17AC6}.Release|Any CPU.Build.0 = Release|Any CPU
		{9D232362-ED04-4C60-B1BD-C29F1DC76D66}.Debug|Any CPU.ActiveCfg = Debug|Any CPU
		{9D232362-ED04-4C60-B1BD-C29F1DC76D66}.Debug|Any CPU.Build.0 = Debug|Any CPU
		{9D232362-ED04-4C60-B1BD-C29F1DC76D66}.Release|Any CPU.ActiveCfg = Release|Any CPU
		{9D232362-ED04-4C60-B1BD-C29F1DC76D66}.Release|Any CPU.Build.0 = Release|Any CPU
		{CFF36B21-39D7-4840-8B5E-41830FD3CE25}.Debug|Any CPU.ActiveCfg = Debug|Any CPU
		{CFF36B21-39D7-4840-8B5E-41830FD3CE25}.Debug|Any CPU.Build.0 = Debug|Any CPU
		{CFF36B21-39D7-4840-8B5E-41830FD3CE25}.Release|Any CPU.ActiveCfg = Release|Any CPU
		{CFF36B21-39D7-4840-8B5E-41830FD3CE25}.Release|Any CPU.Build.0 = Release|Any CPU
	EndGlobalSection
	GlobalSection(SolutionProperties) = preSolution
		HideSolutionNode = FALSE
	EndGlobalSection
	GlobalSection(ExtensibilityGlobals) = postSolution
		SolutionGuid = {B5E159CD-7DE0-444B-9417-37599DC52B84}
	EndGlobalSection
EndGlobal
